
Microsoft Visual Studio Solution File, Format Version 12.00
# Visual Studio Version 16
VisualStudioVersion = 16.0.32802.440
MinimumVisualStudioVersion = 10.0.40219.1
Project("{FAE04EC0-301F-11D3-BF4B-00C04F79EFBC}") = "LoggerService", "LoggerService\LoggerService.csproj", "{ACA451F1-F31C-4050-8EFD-9D8963AD3ED3}"
EndProject
Project("{FAE04EC0-301F-11D3-BF4B-00C04F79EFBC}") = "Contracts", "Contracts\Contracts.csproj", "{3E90FD38-A1B1-4AE4-B088-F309602C1E1D}"
EndProject
Global
	GlobalSection(SolutionConfigurationPlatforms) = preSolution
		Debug|Any CPU = Debug|Any CPU
		Release|Any CPU = Release|Any CPU
	EndGlobalSection
	GlobalSection(ProjectConfigurationPlatforms) = postSolution
		{ACA451F1-F31C-4050-8EFD-9D8963AD3ED3}.Debug|Any CPU.ActiveCfg = Debug|Any CPU
		{ACA451F1-F31C-4050-8EFD-9D8963AD3ED3}.Debug|Any CPU.Build.0 = Debug|Any CPU
		{ACA451F1-F31C-4050-8EFD-9D8963AD3ED3}.Release|Any CPU.ActiveCfg = Release|Any CPU
		{ACA451F1-F31C-4050-8EFD-9D8963AD3ED3}.Release|Any CPU.Build.0 = Release|Any CPU
		{3E90FD38-A1B1-4AE4-B088-F309602C1E1D}.Debug|Any CPU.ActiveCfg = Debug|Any CPU
		{3E90FD38-A1B1-4AE4-B088-F309602C1E1D}.Debug|Any CPU.Build.0 = Debug|Any CPU
		{3E90FD38-A1B1-4AE4-B088-F309602C1E1D}.Release|Any CPU.ActiveCfg = Release|Any CPU
		{3E90FD38-A1B1-4AE4-B088-F309602C1E1D}.Release|Any CPU.Build.0 = Release|Any CPU
	EndGlobalSection
	GlobalSection(SolutionProperties) = preSolution
		HideSolutionNode = FALSE
	EndGlobalSection
	GlobalSection(ExtensibilityGlobals) = postSolution
		SolutionGuid = {D7CCF48E-9AE5-4E92-BEB9-9402010CF4A5}
	EndGlobalSection
EndGlobal
